
Microsoft Visual Studio Solution File, Format Version 12.00
# Visual Studio Version 16
VisualStudioVersion = 16.0.29001.49
MinimumVisualStudioVersion = 10.0.40219.1
Project("{8BC9CEB8-8B4A-11D0-8D11-00A0C91BC942}") = "LogicServer", "LogicServer\LogicServer.vcxproj", "{D47A5619-EDD0-4EA4-865B-91FDD2252426}"
EndProject
Project("{8BC9CEB8-8B4A-11D0-8D11-00A0C91BC942}") = "Connector", "Connector\Connector.vcxproj", "{34034590-2A1D-4FCB-9E13-ADE3D02AE43B}"
EndProject
Project("{8BC9CEB8-8B4A-11D0-8D11-00A0C91BC942}") = "CrossServer", "CrossServer\CrossServer.vcxproj", "{488CA222-DD18-4C14-84BB-3E6C5F39D9FA}"
EndProject
Project("{8BC9CEB8-8B4A-11D0-8D11-00A0C91BC942}") = "Library", "Library\Library.vcxproj", "{CCCAB90F-E41B-4478-8574-12DC6B261C15}"
EndProject
Global
	GlobalSection(SolutionConfigurationPlatforms) = preSolution
		Debug|ARM = Debug|ARM
		Debug|ARM64 = Debug|ARM64
		Debug|x64 = Debug|x64
		Debug|x86 = Debug|x86
		Release|ARM = Release|ARM
		Release|ARM64 = Release|ARM64
		Release|x64 = Release|x64
		Release|x86 = Release|x86
	EndGlobalSection
	GlobalSection(ProjectConfigurationPlatforms) = postSolution
		{D47A5619-EDD0-4EA4-865B-91FDD2252426}.Debug|ARM.ActiveCfg = Debug|ARM
		{D47A5619-EDD0-4EA4-865B-91FDD2252426}.Debug|ARM.Build.0 = Debug|ARM
		{D47A5619-EDD0-4EA4-865B-91FDD2252426}.Debug|ARM.Deploy.0 = Debug|ARM
		{D47A5619-EDD0-4EA4-865B-91FDD2252426}.Debug|ARM64.ActiveCfg = Debug|ARM64
		{D47A5619-EDD0-4EA4-865B-91FDD2252426}.Debug|ARM64.Build.0 = Debug|ARM64
		{D47A5619-EDD0-4EA4-865B-91FDD2252426}.Debug|ARM64.Deploy.0 = Debug|ARM64
		{D47A5619-EDD0-4EA4-865B-91FDD2252426}.Debug|x64.ActiveCfg = Debug|x64
		{D47A5619-EDD0-4EA4-865B-91FDD2252426}.Debug|x64.Build.0 = Debug|x64
		{D47A5619-EDD0-4EA4-865B-91FDD2252426}.Debug|x64.Deploy.0 = Debug|x64
		{D47A5619-EDD0-4EA4-865B-91FDD2252426}.Debug|x86.ActiveCfg = Debug|x86
		{D47A5619-EDD0-4EA4-865B-91FDD2252426}.Debug|x86.Build.0 = Debug|x86
		{D47A5619-EDD0-4EA4-865B-91FDD2252426}.Debug|x86.Deploy.0 = Debug|x86
		{D47A5619-EDD0-4EA4-865B-91FDD2252426}.Release|ARM.ActiveCfg = Release|ARM
		{D47A5619-EDD0-4EA4-865B-91FDD2252426}.Release|ARM.Build.0 = Release|ARM
		{D47A5619-EDD0-4EA4-865B-91FDD2252426}.Release|ARM.Deploy.0 = Release|ARM
		{D47A5619-EDD0-4EA4-865B-91FDD2252426}.Release|ARM64.ActiveCfg = Release|ARM64
		{D47A5619-EDD0-4EA4-865B-91FDD2252426}.Release|ARM64.Build.0 = Release|ARM64
		{D47A5619-EDD0-4EA4-865B-91FDD2252426}.Release|ARM64.Deploy.0 = Release|ARM64
		{D47A5619-EDD0-4EA4-865B-91FDD2252426}.Release|x64.ActiveCfg = Release|x64
		{D47A5619-EDD0-4EA4-865B-91FDD2252426}.Release|x64.Build.0 = Release|x64
		{D47A5619-EDD0-4EA4-865B-91FDD2252426}.Release|x64.Deploy.0 = Release|x64
		{D47A5619-EDD0-4EA4-865B-91FDD2252426}.Release|x86.ActiveCfg = Release|x86
		{D47A5619-EDD0-4EA4-865B-91FDD2252426}.Release|x86.Build.0 = Release|x86
		{D47A5619-EDD0-4EA4-865B-91FDD2252426}.Release|x86.Deploy.0 = Release|x86
		{34034590-2A1D-4FCB-9E13-ADE3D02AE43B}.Debug|ARM.ActiveCfg = Debug|ARM
		{34034590-2A1D-4FCB-9E13-ADE3D02AE43B}.Debug|ARM.Build.0 = Debug|ARM
		{34034590-2A1D-4FCB-9E13-ADE3D02AE43B}.Debug|ARM.Deploy.0 = Debug|ARM
		{34034590-2A1D-4FCB-9E13-ADE3D02AE43B}.Debug|ARM64.ActiveCfg = Debug|ARM64
		{34034590-2A1D-4FCB-9E13-ADE3D02AE43B}.Debug|ARM64.Build.0 = Debug|ARM64
		{34034590-2A1D-4FCB-9E13-ADE3D02AE43B}.Debug|ARM64.Deploy.0 = Debug|ARM64
		{34034590-2A1D-4FCB-9E13-ADE3D02AE43B}.Debug|x64.ActiveCfg = Debug|x64
		{34034590-2A1D-4FCB-9E13-ADE3D02AE43B}.Debug|x64.Build.0 = Debug|x64
		{34034590-2A1D-4FCB-9E13-ADE3D02AE43B}.Debug|x64.Deploy.0 = Debug|x64
		{34034590-2A1D-4FCB-9E13-ADE3D02AE43B}.Debug|x86.ActiveCfg = Debug|x86
		{34034590-2A1D-4FCB-9E13-ADE3D02AE43B}.Debug|x86.Build.0 = Debug|x86
		{34034590-2A1D-4FCB-9E13-ADE3D02AE43B}.Debug|x86.Deploy.0 = Debug|x86
		{34034590-2A1D-4FCB-9E13-ADE3D02AE43B}.Release|ARM.ActiveCfg = Release|ARM
		{34034590-2A1D-4FCB-9E13-ADE3D02AE43B}.Release|ARM.Build.0 = Release|ARM
		{34034590-2A1D-4FCB-9E13-ADE3D02AE43B}.Release|ARM.Deploy.0 = Release|ARM
		{34034590-2A1D-4FCB-9E13-ADE3D02AE43B}.Release|ARM64.ActiveCfg = Release|ARM64
		{34034590-2A1D-4FCB-9E13-ADE3D02AE43B}.Release|ARM64.Build.0 = Release|ARM64
		{34034590-2A1D-4FCB-9E13-ADE3D02AE43B}.Release|ARM64.Deploy.0 = Release|ARM64
		{34034590-2A1D-4FCB-9E13-ADE3D02AE43B}.Release|x64.ActiveCfg = Release|x64
		{34034590-2A1D-4FCB-9E13-ADE3D02AE43B}.Release|x64.Build.0 = Release|x64
		{34034590-2A1D-4FCB-9E13-ADE3D02AE43B}.Release|x64.Deploy.0 = Release|x64
		{34034590-2A1D-4FCB-9E13-ADE3D02AE43B}.Release|x86.ActiveCfg = Release|x86
		{34034590-2A1D-4FCB-9E13-ADE3D02AE43B}.Release|x86.Build.0 = Release|x86
		{34034590-2A1D-4FCB-9E13-ADE3D02AE43B}.Release|x86.Deploy.0 = Release|x86
		{488CA222-DD18-4C14-84BB-3E6C5F39D9FA}.Debug|ARM.ActiveCfg = Debug|ARM
		{488CA222-DD18-4C14-84BB-3E6C5F39D9FA}.Debug|ARM.Build.0 = Debug|ARM
		{488CA222-DD18-4C14-84BB-3E6C5F39D9FA}.Debug|ARM.Deploy.0 = Debug|ARM
		{488CA222-DD18-4C14-84BB-3E6C5F39D9FA}.Debug|ARM64.ActiveCfg = Debug|ARM64
		{488CA222-DD18-4C14-84BB-3E6C5F39D9FA}.Debug|ARM64.Build.0 = Debug|ARM64
		{488CA222-DD18-4C14-84BB-3E6C5F39D9FA}.Debug|ARM64.Deploy.0 = Debug|ARM64
		{488CA222-DD18-4C14-84BB-3E6C5F39D9FA}.Debug|x64.ActiveCfg = Debug|x64
		{488CA222-DD18-4C14-84BB-3E6C5F39D9FA}.Debug|x64.Build.0 = Debug|x64
		{488CA222-DD18-4C14-84BB-3E6C5F39D9FA}.Debug|x64.Deploy.0 = Debug|x64
		{488CA222-DD18-4C14-84BB-3E6C5F39D9FA}.Debug|x86.ActiveCfg = Debug|x86
		{488CA222-DD18-4C14-84BB-3E6C5F39D9FA}.Debug|x86.Build.0 = Debug|x86
		{488CA222-DD18-4C14-84BB-3E6C5F39D9FA}.Debug|x86.Deploy.0 = Debug|x86
		{488CA222-DD18-4C14-84BB-3E6C5F39D9FA}.Release|ARM.ActiveCfg = Release|ARM
		{488CA222-DD18-4C14-84BB-3E6C5F39D9FA}.Release|ARM.Build.0 = Release|ARM
		{488CA222-DD18-4C14-84BB-3E6C5F39D9FA}.Release|ARM.Deploy.0 = Release|ARM
		{488CA222-DD18-4C14-84BB-3E6C5F39D9FA}.Release|ARM64.ActiveCfg = Release|ARM64
		{488CA222-DD18-4C14-84BB-3E6C5F39D9FA}.Release|ARM64.Build.0 = Release|ARM64
		{488CA222-DD18-4C14-84BB-3E6C5F39D9FA}.Release|ARM64.Deploy.0 = Release|ARM64
		{488CA222-DD18-4C14-84BB-3E6C5F39D9FA}.Release|x64.ActiveCfg = Release|x64
		{488CA222-DD18-4C14-84BB-3E6C5F39D9FA}.Release|x64.Build.0 = Release|x64
		{488CA222-DD18-4C14-84BB-3E6C5F39D9FA}.Release|x64.Deploy.0 = Release|x64
		{488CA222-DD18-4C14-84BB-3E6C5F39D9FA}.Release|x86.ActiveCfg = Release|x86
		{488CA222-DD18-4C14-84BB-3E6C5F39D9FA}.Release|x86.Build.0 = Release|x86
		{488CA222-DD18-4C14-84BB-3E6C5F39D9FA}.Release|x86.Deploy.0 = Release|x86
		{CCCAB90F-E41B-4478-8574-12DC6B261C15}.Debug|ARM.ActiveCfg = Debug|ARM
		{CCCAB90F-E41B-4478-8574-12DC6B261C15}.Debug|ARM.Build.0 = Debug|ARM
		{CCCAB90F-E41B-4478-8574-12DC6B261C15}.Debug|ARM.Deploy.0 = Debug|ARM
		{CCCAB90F-E41B-4478-8574-12DC6B261C15}.Debug|ARM64.ActiveCfg = Debug|ARM64
		{CCCAB90F-E41B-4478-8574-12DC6B261C15}.Debug|ARM64.Build.0 = Debug|ARM64
		{CCCAB90F-E41B-4478-8574-12DC6B261C15}.Debug|ARM64.Deploy.0 = Debug|ARM64
		{CCCAB90F-E41B-4478-8574-12DC6B261C15}.Debug|x64.ActiveCfg = Debug|x64
		{CCCAB90F-E41B-4478-8574-12DC6B261C15}.Debug|x64.Build.0 = Debug|x64
		{CCCAB90F-E41B-4478-8574-12DC6B261C15}.Debug|x64.Deploy.0 = Debug|x64
		{CCCAB90F-E41B-4478-8574-12DC6B261C15}.Debug|x86.ActiveCfg = Debug|x86
		{CCCAB90F-E41B-4478-8574-12DC6B261C15}.Debug|x86.Build.0 = Debug|x86
		{CCCAB90F-E41B-4478-8574-12DC6B261C15}.Debug|x86.Deploy.0 = Debug|x86
		{CCCAB90F-E41B-4478-8574-12DC6B261C15}.Release|ARM.ActiveCfg = Release|ARM
		{CCCAB90F-E41B-4478-8574-12DC6B261C15}.Release|ARM.Build.0 = Release|ARM
		{CCCAB90F-E41B-4478-8574-12DC6B261C15}.Release|ARM.Deploy.0 = Release|ARM
		{CCCAB90F-E41B-4478-8574-12DC6B261C15}.Release|ARM64.ActiveCfg = Release|ARM64
		{CCCAB90F-E41B-4478-8574-12DC6B261C15}.Release|ARM64.Build.0 = Release|ARM64
		{CCCAB90F-E41B-4478-8574-12DC6B261C15}.Release|ARM64.Deploy.0 = Release|ARM64
		{CCCAB90F-E41B-4478-8574-12DC6B261C15}.Release|x64.ActiveCfg = Release|x64
		{CCCAB90F-E41B-4478-8574-12DC6B261C15}.Release|x64.Build.0 = Release|x64
		{CCCAB90F-E41B-4478-8574-12DC6B261C15}.Release|x64.Deploy.0 = Release|x64
		{CCCAB90F-E41B-4478-8574-12DC6B261C15}.Release|x86.ActiveCfg = Release|x86
		{CCCAB90F-E41B-4478-8574-12DC6B261C15}.Release|x86.Build.0 = Release|x86
		{CCCAB90F-E41B-4478-8574-12DC6B261C15}.Release|x86.Deploy.0 = Release|x86
	EndGlobalSection
	GlobalSection(SolutionProperties) = preSolution
		HideSolutionNode = FALSE
	EndGlobalSection
	GlobalSection(ExtensibilityGlobals) = postSolution
		SolutionGuid = {CCFBB77C-22D3-4D73-ABC7-F350C01FAD93}
	EndGlobalSection
EndGlobal
